// !$*UTF8*$!
{
	archiveVersion = 1;
	classes = {
	};
	objectVersion = 46;
	objects = {

/* Begin PBXBuildFile section */
		31F68E2F1DD0D68700FEBEAD /* AppDelegate.swift in Sources */ = {isa = PBXBuildFile; fileRef = 31F68E2E1DD0D68700FEBEAD /* AppDelegate.swift */; };
		31F68E341DD0D68700FEBEAD /* Main.storyboard in Resources */ = {isa = PBXBuildFile; fileRef = 31F68E321DD0D68700FEBEAD /* Main.storyboard */; };
		31F68E361DD0D68700FEBEAD /* Assets.xcassets in Resources */ = {isa = PBXBuildFile; fileRef = 31F68E351DD0D68700FEBEAD /* Assets.xcassets */; };
		31F68E391DD0D68700FEBEAD /* LaunchScreen.storyboard in Resources */ = {isa = PBXBuildFile; fileRef = 31F68E371DD0D68700FEBEAD /* LaunchScreen.storyboard */; };
		31F68E5D1DD0D80F00FEBEAD /* GoogleService-Info.plist in Resources */ = {isa = PBXBuildFile; fileRef = 31F68E5C1DD0D80F00FEBEAD /* GoogleService-Info.plist */; };
		31F68E611DD119FD00FEBEAD /* ListViewController.swift in Sources */ = {isa = PBXBuildFile; fileRef = 31F68E601DD119FD00FEBEAD /* ListViewController.swift */; };
		31F68E641DD12B2600FEBEAD /* Profile.swift in Sources */ = {isa = PBXBuildFile; fileRef = 31F68E631DD12B2600FEBEAD /* Profile.swift */; };
		31F68E671DD1394700FEBEAD /* Extensions.swift in Sources */ = {isa = PBXBuildFile; fileRef = 31F68E661DD1394700FEBEAD /* Extensions.swift */; };
		59D8C513357A34131E0DE2A6 /* Pods_ProfilesAppUITests.framework in Frameworks */ = {isa = PBXBuildFile; fileRef = 4E205278D078FD53647C681C /* Pods_ProfilesAppUITests.framework */; };
		5F5DA2022836BD6A575DFFA4 /* Pods_ProfilesApp.framework in Frameworks */ = {isa = PBXBuildFile; fileRef = DDB7CC575C68A08042C79737 /* Pods_ProfilesApp.framework */; };
		BDAF71BCE2C34514A5A69974 /* Pods_ProfilesAppTests.framework in Frameworks */ = {isa = PBXBuildFile; fileRef = 45FFAB7AE3C23FDF2F7D448C /* Pods_ProfilesAppTests.framework */; };
		F91C82311DE11F4500A8595D /* ProfileViewControllerUITests.swift in Sources */ = {isa = PBXBuildFile; fileRef = F91C82301DE11F4500A8595D /* ProfileViewControllerUITests.swift */; };
		F91C82331DE11FC000A8595D /* ProfileTests.swift in Sources */ = {isa = PBXBuildFile; fileRef = F91C82321DE11FC000A8595D /* ProfileTests.swift */; };
		F91C82351DE12DC800A8595D /* GenderTests.swift in Sources */ = {isa = PBXBuildFile; fileRef = F91C82341DE12DC800A8595D /* GenderTests.swift */; };
		F91C823B1DE2002900A8595D /* ProfileCell.swift in Sources */ = {isa = PBXBuildFile; fileRef = F91C823A1DE2002900A8595D /* ProfileCell.swift */; };
		F91C823D1DE207A900A8595D /* ProfileViewMode.swift in Sources */ = {isa = PBXBuildFile; fileRef = F91C823C1DE207A900A8595D /* ProfileViewMode.swift */; };
		F91C82451DE227C800A8595D /* CustomPresentationController.swift in Sources */ = {isa = PBXBuildFile; fileRef = F91C82431DE227C800A8595D /* CustomPresentationController.swift */; };
		F91C82461DE227C800A8595D /* CustomTransition.swift in Sources */ = {isa = PBXBuildFile; fileRef = F91C82441DE227C800A8595D /* CustomTransition.swift */; };
		F91C824B1DE2723200A8595D /* ImagePickerController.swift in Sources */ = {isa = PBXBuildFile; fileRef = F91C824A1DE2723200A8595D /* ImagePickerController.swift */; };
		F91C824D1DE2895100A8595D /* ColorPickerController.swift in Sources */ = {isa = PBXBuildFile; fileRef = F91C824C1DE2895100A8595D /* ColorPickerController.swift */; };
		F91C824F1DE2954100A8595D /* PaletteView.swift in Sources */ = {isa = PBXBuildFile; fileRef = F91C824E1DE2954100A8595D /* PaletteView.swift */; };
		F91C82511DE295B800A8595D /* ColorPickerDelegate.swift in Sources */ = {isa = PBXBuildFile; fileRef = F91C82501DE295B800A8595D /* ColorPickerDelegate.swift */; };
		F91C82561DE34E1200A8595D /* SortOrderMode.swift in Sources */ = {isa = PBXBuildFile; fileRef = F91C82551DE34E1200A8595D /* SortOrderMode.swift */; };
		F91C82581DE34E2F00A8595D /* GenderFilterMode.swift in Sources */ = {isa = PBXBuildFile; fileRef = F91C82571DE34E2F00A8595D /* GenderFilterMode.swift */; };
		F91C825C1DE36E9600A8595D /* SAFSettings.swift in Sources */ = {isa = PBXBuildFile; fileRef = F91C825B1DE36E9600A8595D /* SAFSettings.swift */; };
		F91C82601DE3C94600A8595D /* UISettings.swift in Sources */ = {isa = PBXBuildFile; fileRef = F91C825F1DE3C94600A8595D /* UISettings.swift */; };
		F91C82681DE3CFA100A8595D /* PermanentMarker.ttf in Resources */ = {isa = PBXBuildFile; fileRef = F91C82641DE3CFA100A8595D /* PermanentMarker.ttf */; };
		F91C82691DE3CFA100A8595D /* PoetsenOne-Regular.otf in Resources */ = {isa = PBXBuildFile; fileRef = F91C82651DE3CFA100A8595D /* PoetsenOne-Regular.otf */; };
		F91C826A1DE3CFA100A8595D /* SF_Cartoonist_Hand_Bold.ttf in Resources */ = {isa = PBXBuildFile; fileRef = F91C82661DE3CFA100A8595D /* SF_Cartoonist_Hand_Bold.ttf */; };
		F91C826B1DE3CFA100A8595D /* SF_Cartoonist_Hand.ttf in Resources */ = {isa = PBXBuildFile; fileRef = F91C82671DE3CFA100A8595D /* SF_Cartoonist_Hand.ttf */; };
		F91C826D1DE48BE000A8595D /* MenuViewController.swift in Sources */ = {isa = PBXBuildFile; fileRef = F91C826C1DE48BE000A8595D /* MenuViewController.swift */; };
		F91C82701DE520F300A8595D /* SAFSettingsTests.swift in Sources */ = {isa = PBXBuildFile; fileRef = F91C826F1DE520F300A8595D /* SAFSettingsTests.swift */; };
		F91C82721DE5274C00A8595D /* MenuViewControllerUITests.swift in Sources */ = {isa = PBXBuildFile; fileRef = F91C82711DE5274C00A8595D /* MenuViewControllerUITests.swift */; };
		F91C82741DE5319900A8595D /* ListViewControllerUITests.swift in Sources */ = {isa = PBXBuildFile; fileRef = F91C82731DE5319900A8595D /* ListViewControllerUITests.swift */; };
		F9510BFB1DE0F586008A46DE /* Gender.swift in Sources */ = {isa = PBXBuildFile; fileRef = F9510BFA1DE0F586008A46DE /* Gender.swift */; };
		F9C90DCE1DDE270100CFE074 /* ProfileViewController.swift in Sources */ = {isa = PBXBuildFile; fileRef = F9C90DCD1DDE270100CFE074 /* ProfileViewController.swift */; };
/* End PBXBuildFile section */

/* Begin PBXContainerItemProxy section */
		31F68E401DD0D68800FEBEAD /* PBXContainerItemProxy */ = {
			isa = PBXContainerItemProxy;
			containerPortal = 31F68E231DD0D68700FEBEAD /* Project object */;
			proxyType = 1;
			remoteGlobalIDString = 31F68E2A1DD0D68700FEBEAD;
			remoteInfo = ProfilesApp;
		};
		31F68E4B1DD0D68800FEBEAD /* PBXContainerItemProxy */ = {
			isa = PBXContainerItemProxy;
			containerPortal = 31F68E231DD0D68700FEBEAD /* Project object */;
			proxyType = 1;
			remoteGlobalIDString = 31F68E2A1DD0D68700FEBEAD;
			remoteInfo = ProfilesApp;
		};
/* End PBXContainerItemProxy section */

/* Begin PBXFileReference section */
		0700B485256CEF5EA6772583 /* Pods-ProfilesAppTests.release.xcconfig */ = {isa = PBXFileReference; includeInIndex = 1; lastKnownFileType = text.xcconfig; name = "Pods-ProfilesAppTests.release.xcconfig"; path = "Pods/Target Support Files/Pods-ProfilesAppTests/Pods-ProfilesAppTests.release.xcconfig"; sourceTree = "<group>"; };
		2C52D79C44053E24871A9FAF /* Pods-ProfilesAppTests.debug.xcconfig */ = {isa = PBXFileReference; includeInIndex = 1; lastKnownFileType = text.xcconfig; name = "Pods-ProfilesAppTests.debug.xcconfig"; path = "Pods/Target Support Files/Pods-ProfilesAppTests/Pods-ProfilesAppTests.debug.xcconfig"; sourceTree = "<group>"; };
		31F68E2B1DD0D68700FEBEAD /* ProfilesApp.app */ = {isa = PBXFileReference; explicitFileType = wrapper.application; includeInIndex = 0; path = ProfilesApp.app; sourceTree = BUILT_PRODUCTS_DIR; };
		31F68E2E1DD0D68700FEBEAD /* AppDelegate.swift */ = {isa = PBXFileReference; lastKnownFileType = sourcecode.swift; path = AppDelegate.swift; sourceTree = "<group>"; };
		31F68E331DD0D68700FEBEAD /* Base */ = {isa = PBXFileReference; lastKnownFileType = file.storyboard; name = Base; path = Base.lproj/Main.storyboard; sourceTree = "<group>"; };
		31F68E351DD0D68700FEBEAD /* Assets.xcassets */ = {isa = PBXFileReference; lastKnownFileType = folder.assetcatalog; path = Assets.xcassets; sourceTree = "<group>"; };
		31F68E381DD0D68700FEBEAD /* Base */ = {isa = PBXFileReference; lastKnownFileType = file.storyboard; name = Base; path = Base.lproj/LaunchScreen.storyboard; sourceTree = "<group>"; };
		31F68E3A1DD0D68800FEBEAD /* Info.plist */ = {isa = PBXFileReference; lastKnownFileType = text.plist.xml; path = Info.plist; sourceTree = "<group>"; };
		31F68E3F1DD0D68800FEBEAD /* ProfilesAppTests.xctest */ = {isa = PBXFileReference; explicitFileType = wrapper.cfbundle; includeInIndex = 0; path = ProfilesAppTests.xctest; sourceTree = BUILT_PRODUCTS_DIR; };
		31F68E451DD0D68800FEBEAD /* Info.plist */ = {isa = PBXFileReference; lastKnownFileType = text.plist.xml; path = Info.plist; sourceTree = "<group>"; };
		31F68E4A1DD0D68800FEBEAD /* ProfilesAppUITests.xctest */ = {isa = PBXFileReference; explicitFileType = wrapper.cfbundle; includeInIndex = 0; path = ProfilesAppUITests.xctest; sourceTree = BUILT_PRODUCTS_DIR; };
		31F68E501DD0D68800FEBEAD /* Info.plist */ = {isa = PBXFileReference; lastKnownFileType = text.plist.xml; path = Info.plist; sourceTree = "<group>"; };
		31F68E5C1DD0D80F00FEBEAD /* GoogleService-Info.plist */ = {isa = PBXFileReference; fileEncoding = 4; lastKnownFileType = text.plist.xml; path = "GoogleService-Info.plist"; sourceTree = "<group>"; };
		31F68E601DD119FD00FEBEAD /* ListViewController.swift */ = {isa = PBXFileReference; fileEncoding = 4; lastKnownFileType = sourcecode.swift; name = ListViewController.swift; path = Controllers/ListViewController.swift; sourceTree = "<group>"; };
		31F68E631DD12B2600FEBEAD /* Profile.swift */ = {isa = PBXFileReference; fileEncoding = 4; lastKnownFileType = sourcecode.swift; name = Profile.swift; path = Models/Profile.swift; sourceTree = "<group>"; };
		31F68E661DD1394700FEBEAD /* Extensions.swift */ = {isa = PBXFileReference; fileEncoding = 4; lastKnownFileType = sourcecode.swift; name = Extensions.swift; path = Utils/Extensions.swift; sourceTree = "<group>"; tabWidth = 4; };
		45FFAB7AE3C23FDF2F7D448C /* Pods_ProfilesAppTests.framework */ = {isa = PBXFileReference; explicitFileType = wrapper.framework; includeInIndex = 0; path = Pods_ProfilesAppTests.framework; sourceTree = BUILT_PRODUCTS_DIR; };
		4E205278D078FD53647C681C /* Pods_ProfilesAppUITests.framework */ = {isa = PBXFileReference; explicitFileType = wrapper.framework; includeInIndex = 0; path = Pods_ProfilesAppUITests.framework; sourceTree = BUILT_PRODUCTS_DIR; };
		59C0720CB9AE131339D83CD3 /* Pods-ProfilesApp.debug.xcconfig */ = {isa = PBXFileReference; includeInIndex = 1; lastKnownFileType = text.xcconfig; name = "Pods-ProfilesApp.debug.xcconfig"; path = "Pods/Target Support Files/Pods-ProfilesApp/Pods-ProfilesApp.debug.xcconfig"; sourceTree = "<group>"; };
		67FAD9EEDA0E3A69A5DBB84D /* Pods-ProfilesAppUITests.debug.xcconfig */ = {isa = PBXFileReference; includeInIndex = 1; lastKnownFileType = text.xcconfig; name = "Pods-ProfilesAppUITests.debug.xcconfig"; path = "Pods/Target Support Files/Pods-ProfilesAppUITests/Pods-ProfilesAppUITests.debug.xcconfig"; sourceTree = "<group>"; };
		D3ABBCECD74B3124712C99D6 /* Pods-ProfilesApp.release.xcconfig */ = {isa = PBXFileReference; includeInIndex = 1; lastKnownFileType = text.xcconfig; name = "Pods-ProfilesApp.release.xcconfig"; path = "Pods/Target Support Files/Pods-ProfilesApp/Pods-ProfilesApp.release.xcconfig"; sourceTree = "<group>"; };
		D56ED8B1E4115F54D663E237 /* Pods-ProfilesAppUITests.release.xcconfig */ = {isa = PBXFileReference; includeInIndex = 1; lastKnownFileType = text.xcconfig; name = "Pods-ProfilesAppUITests.release.xcconfig"; path = "Pods/Target Support Files/Pods-ProfilesAppUITests/Pods-ProfilesAppUITests.release.xcconfig"; sourceTree = "<group>"; };
		DDB7CC575C68A08042C79737 /* Pods_ProfilesApp.framework */ = {isa = PBXFileReference; explicitFileType = wrapper.framework; includeInIndex = 0; path = Pods_ProfilesApp.framework; sourceTree = BUILT_PRODUCTS_DIR; };
		F91C82301DE11F4500A8595D /* ProfileViewControllerUITests.swift */ = {isa = PBXFileReference; fileEncoding = 4; lastKnownFileType = sourcecode.swift; path = ProfileViewControllerUITests.swift; sourceTree = "<group>"; };
		F91C82321DE11FC000A8595D /* ProfileTests.swift */ = {isa = PBXFileReference; fileEncoding = 4; lastKnownFileType = sourcecode.swift; path = ProfileTests.swift; sourceTree = "<group>"; };
		F91C82341DE12DC800A8595D /* GenderTests.swift */ = {isa = PBXFileReference; fileEncoding = 4; lastKnownFileType = sourcecode.swift; path = GenderTests.swift; sourceTree = "<group>"; };
		F91C823A1DE2002900A8595D /* ProfileCell.swift */ = {isa = PBXFileReference; fileEncoding = 4; lastKnownFileType = sourcecode.swift; name = ProfileCell.swift; path = Models/ProfileCell.swift; sourceTree = "<group>"; };
		F91C823C1DE207A900A8595D /* ProfileViewMode.swift */ = {isa = PBXFileReference; fileEncoding = 4; lastKnownFileType = sourcecode.swift; name = ProfileViewMode.swift; path = Models/ProfileViewMode.swift; sourceTree = "<group>"; };
		F91C82431DE227C800A8595D /* CustomPresentationController.swift */ = {isa = PBXFileReference; fileEncoding = 4; lastKnownFileType = sourcecode.swift; name = CustomPresentationController.swift; path = Utils/CustomPresentation/CustomPresentationController.swift; sourceTree = "<group>"; };
		F91C82441DE227C800A8595D /* CustomTransition.swift */ = {isa = PBXFileReference; fileEncoding = 4; lastKnownFileType = sourcecode.swift; name = CustomTransition.swift; path = Utils/CustomPresentation/CustomTransition.swift; sourceTree = "<group>"; };
		F91C824A1DE2723200A8595D /* ImagePickerController.swift */ = {isa = PBXFileReference; fileEncoding = 4; lastKnownFileType = sourcecode.swift; name = ImagePickerController.swift; path = Controllers/ImagePickerController.swift; sourceTree = "<group>"; };
		F91C824C1DE2895100A8595D /* ColorPickerController.swift */ = {isa = PBXFileReference; fileEncoding = 4; lastKnownFileType = sourcecode.swift; name = ColorPickerController.swift; path = Controllers/ColorPickerController.swift; sourceTree = "<group>"; };
		F91C824E1DE2954100A8595D /* PaletteView.swift */ = {isa = PBXFileReference; fileEncoding = 4; lastKnownFileType = sourcecode.swift; name = PaletteView.swift; path = Utils/PaletteView.swift; sourceTree = "<group>"; };
		F91C82501DE295B800A8595D /* ColorPickerDelegate.swift */ = {isa = PBXFileReference; fileEncoding = 4; lastKnownFileType = sourcecode.swift; name = ColorPickerDelegate.swift; path = Utils/ColorPickerDelegate.swift; sourceTree = "<group>"; };
		F91C82551DE34E1200A8595D /* SortOrderMode.swift */ = {isa = PBXFileReference; fileEncoding = 4; lastKnownFileType = sourcecode.swift; name = SortOrderMode.swift; path = Models/SortOrderMode.swift; sourceTree = "<group>"; };
		F91C82571DE34E2F00A8595D /* GenderFilterMode.swift */ = {isa = PBXFileReference; fileEncoding = 4; lastKnownFileType = sourcecode.swift; name = GenderFilterMode.swift; path = Models/GenderFilterMode.swift; sourceTree = "<group>"; };
		F91C825B1DE36E9600A8595D /* SAFSettings.swift */ = {isa = PBXFileReference; fileEncoding = 4; lastKnownFileType = sourcecode.swift; name = SAFSettings.swift; path = Utils/SAFSettings.swift; sourceTree = "<group>"; };
		F91C825F1DE3C94600A8595D /* UISettings.swift */ = {isa = PBXFileReference; fileEncoding = 4; lastKnownFileType = sourcecode.swift; name = UISettings.swift; path = Utils/UISettings.swift; sourceTree = "<group>"; };
		F91C82641DE3CFA100A8595D /* PermanentMarker.ttf */ = {isa = PBXFileReference; lastKnownFileType = file; name = PermanentMarker.ttf; path = Fonts/PermanentMarker.ttf; sourceTree = "<group>"; };
		F91C82651DE3CFA100A8595D /* PoetsenOne-Regular.otf */ = {isa = PBXFileReference; lastKnownFileType = file; name = "PoetsenOne-Regular.otf"; path = "Fonts/PoetsenOne-Regular.otf"; sourceTree = "<group>"; };
		F91C82661DE3CFA100A8595D /* SF_Cartoonist_Hand_Bold.ttf */ = {isa = PBXFileReference; lastKnownFileType = file; name = SF_Cartoonist_Hand_Bold.ttf; path = Fonts/SF_Cartoonist_Hand_Bold.ttf; sourceTree = "<group>"; };
		F91C82671DE3CFA100A8595D /* SF_Cartoonist_Hand.ttf */ = {isa = PBXFileReference; lastKnownFileType = file; name = SF_Cartoonist_Hand.ttf; path = Fonts/SF_Cartoonist_Hand.ttf; sourceTree = "<group>"; };
		F91C826C1DE48BE000A8595D /* MenuViewController.swift */ = {isa = PBXFileReference; fileEncoding = 4; lastKnownFileType = sourcecode.swift; name = MenuViewController.swift; path = Controllers/MenuViewController.swift; sourceTree = "<group>"; };
		F91C826F1DE520F300A8595D /* SAFSettingsTests.swift */ = {isa = PBXFileReference; fileEncoding = 4; lastKnownFileType = sourcecode.swift; path = SAFSettingsTests.swift; sourceTree = "<group>"; };
		F91C82711DE5274C00A8595D /* MenuViewControllerUITests.swift */ = {isa = PBXFileReference; fileEncoding = 4; lastKnownFileType = sourcecode.swift; path = MenuViewControllerUITests.swift; sourceTree = "<group>"; };
		F91C82731DE5319900A8595D /* ListViewControllerUITests.swift */ = {isa = PBXFileReference; fileEncoding = 4; lastKnownFileType = sourcecode.swift; path = ListViewControllerUITests.swift; sourceTree = "<group>"; };
		F9510BFA1DE0F586008A46DE /* Gender.swift */ = {isa = PBXFileReference; fileEncoding = 4; lastKnownFileType = sourcecode.swift; name = Gender.swift; path = Models/Gender.swift; sourceTree = "<group>"; };
		F9C90DCD1DDE270100CFE074 /* ProfileViewController.swift */ = {isa = PBXFileReference; fileEncoding = 4; lastKnownFileType = sourcecode.swift; name = ProfileViewController.swift; path = Controllers/ProfileViewController.swift; sourceTree = "<group>"; };
/* End PBXFileReference section */

/* Begin PBXFrameworksBuildPhase section */
		31F68E281DD0D68700FEBEAD /* Frameworks */ = {
			isa = PBXFrameworksBuildPhase;
			buildActionMask = 2147483647;
			files = (
				5F5DA2022836BD6A575DFFA4 /* Pods_ProfilesApp.framework in Frameworks */,
			);
			runOnlyForDeploymentPostprocessing = 0;
		};
		31F68E3C1DD0D68800FEBEAD /* Frameworks */ = {
			isa = PBXFrameworksBuildPhase;
			buildActionMask = 2147483647;
			files = (
				BDAF71BCE2C34514A5A69974 /* Pods_ProfilesAppTests.framework in Frameworks */,
			);
			runOnlyForDeploymentPostprocessing = 0;
		};
		31F68E471DD0D68800FEBEAD /* Frameworks */ = {
			isa = PBXFrameworksBuildPhase;
			buildActionMask = 2147483647;
			files = (
				59D8C513357A34131E0DE2A6 /* Pods_ProfilesAppUITests.framework in Frameworks */,
			);
			runOnlyForDeploymentPostprocessing = 0;
		};
/* End PBXFrameworksBuildPhase section */

/* Begin PBXGroup section */
		31F68E221DD0D68700FEBEAD = {
			isa = PBXGroup;
			children = (
				31F68E2D1DD0D68700FEBEAD /* ProfilesApp */,
				31F68E421DD0D68800FEBEAD /* ProfilesAppTests */,
				31F68E4D1DD0D68800FEBEAD /* ProfilesAppUITests */,
				31F68E2C1DD0D68700FEBEAD /* Products */,
				557F47D75E93EB009F019589 /* Pods */,
				DBCC6BC937619E47E2757F03 /* Frameworks */,
			);
			sourceTree = "<group>";
		};
		31F68E2C1DD0D68700FEBEAD /* Products */ = {
			isa = PBXGroup;
			children = (
				31F68E2B1DD0D68700FEBEAD /* ProfilesApp.app */,
				31F68E3F1DD0D68800FEBEAD /* ProfilesAppTests.xctest */,
				31F68E4A1DD0D68800FEBEAD /* ProfilesAppUITests.xctest */,
			);
			name = Products;
			sourceTree = "<group>";
		};
		31F68E2D1DD0D68700FEBEAD /* ProfilesApp */ = {
			isa = PBXGroup;
			children = (
				31F68E2E1DD0D68700FEBEAD /* AppDelegate.swift */,
				31F68E321DD0D68700FEBEAD /* Main.storyboard */,
				31F68E681DD1397700FEBEAD /* Utils */,
				31F68E651DD12B2A00FEBEAD /* Models */,
				31F68E621DD11A2600FEBEAD /* Controllers */,
				31F68E351DD0D68700FEBEAD /* Assets.xcassets */,
				31F68E371DD0D68700FEBEAD /* LaunchScreen.storyboard */,
				31F68E3A1DD0D68800FEBEAD /* Info.plist */,
				31F68E5C1DD0D80F00FEBEAD /* GoogleService-Info.plist */,
				F91C82611DE3CF7200A8595D /* Fonts */,
			);
			path = ProfilesApp;
			sourceTree = "<group>";
		};
		31F68E421DD0D68800FEBEAD /* ProfilesAppTests */ = {
			isa = PBXGroup;
			children = (
				F91C82321DE11FC000A8595D /* ProfileTests.swift */,
				F91C82341DE12DC800A8595D /* GenderTests.swift */,
				31F68E451DD0D68800FEBEAD /* Info.plist */,
				F91C826F1DE520F300A8595D /* SAFSettingsTests.swift */,
			);
			path = ProfilesAppTests;
			sourceTree = "<group>";
		};
		31F68E4D1DD0D68800FEBEAD /* ProfilesAppUITests */ = {
			isa = PBXGroup;
			children = (
				F91C82301DE11F4500A8595D /* ProfileViewControllerUITests.swift */,
				F91C82731DE5319900A8595D /* ListViewControllerUITests.swift */,
				F91C82711DE5274C00A8595D /* MenuViewControllerUITests.swift */,
				31F68E501DD0D68800FEBEAD /* Info.plist */,
			);
			path = ProfilesAppUITests;
			sourceTree = "<group>";
		};
		31F68E621DD11A2600FEBEAD /* Controllers */ = {
			isa = PBXGroup;
			children = (
				F91C826C1DE48BE000A8595D /* MenuViewController.swift */,
				31F68E601DD119FD00FEBEAD /* ListViewController.swift */,
				F9C90DCD1DDE270100CFE074 /* ProfileViewController.swift */,
				F91C824A1DE2723200A8595D /* ImagePickerController.swift */,
				F91C824C1DE2895100A8595D /* ColorPickerController.swift */,
			);
			name = Controllers;
			sourceTree = "<group>";
		};
		31F68E651DD12B2A00FEBEAD /* Models */ = {
			isa = PBXGroup;
			children = (
				F91C825B1DE36E9600A8595D /* SAFSettings.swift */,
				31F68E631DD12B2600FEBEAD /* Profile.swift */,
				F91C823A1DE2002900A8595D /* ProfileCell.swift */,
				F91C826E1DE51FF100A8595D /* Enums */,
			);
			name = Models;
			sourceTree = "<group>";
		};
		31F68E681DD1397700FEBEAD /* Utils */ = {
			isa = PBXGroup;
			children = (
				31F68E661DD1394700FEBEAD /* Extensions.swift */,
				F91C825F1DE3C94600A8595D /* UISettings.swift */,
				F91C82521DE295F200A8595D /* Color related */,
				F91C82471DE227CE00A8595D /* CustomModalPresentation */,
			);
			name = Utils;
			sourceTree = "<group>";
		};
		557F47D75E93EB009F019589 /* Pods */ = {
			isa = PBXGroup;
			children = (
				59C0720CB9AE131339D83CD3 /* Pods-ProfilesApp.debug.xcconfig */,
				D3ABBCECD74B3124712C99D6 /* Pods-ProfilesApp.release.xcconfig */,
				2C52D79C44053E24871A9FAF /* Pods-ProfilesAppTests.debug.xcconfig */,
				0700B485256CEF5EA6772583 /* Pods-ProfilesAppTests.release.xcconfig */,
				67FAD9EEDA0E3A69A5DBB84D /* Pods-ProfilesAppUITests.debug.xcconfig */,
				D56ED8B1E4115F54D663E237 /* Pods-ProfilesAppUITests.release.xcconfig */,
			);
			name = Pods;
			sourceTree = "<group>";
		};
		DBCC6BC937619E47E2757F03 /* Frameworks */ = {
			isa = PBXGroup;
			children = (
				DDB7CC575C68A08042C79737 /* Pods_ProfilesApp.framework */,
				45FFAB7AE3C23FDF2F7D448C /* Pods_ProfilesAppTests.framework */,
				4E205278D078FD53647C681C /* Pods_ProfilesAppUITests.framework */,
			);
			name = Frameworks;
			sourceTree = "<group>";
		};
		F91C82471DE227CE00A8595D /* CustomModalPresentation */ = {
			isa = PBXGroup;
			children = (
				F91C82431DE227C800A8595D /* CustomPresentationController.swift */,
				F91C82441DE227C800A8595D /* CustomTransition.swift */,
			);
			name = CustomModalPresentation;
			sourceTree = "<group>";
		};
		F91C82521DE295F200A8595D /* Color related */ = {
			isa = PBXGroup;
			children = (
				F91C824E1DE2954100A8595D /* PaletteView.swift */,
				F91C82501DE295B800A8595D /* ColorPickerDelegate.swift */,
			);
			name = "Color related";
			sourceTree = "<group>";
		};
		F91C82611DE3CF7200A8595D /* Fonts */ = {
			isa = PBXGroup;
			children = (
				F91C82641DE3CFA100A8595D /* PermanentMarker.ttf */,
				F91C82651DE3CFA100A8595D /* PoetsenOne-Regular.otf */,
				F91C82661DE3CFA100A8595D /* SF_Cartoonist_Hand_Bold.ttf */,
				F91C82671DE3CFA100A8595D /* SF_Cartoonist_Hand.ttf */,
			);
			name = Fonts;
			sourceTree = "<group>";
		};
		F91C826E1DE51FF100A8595D /* Enums */ = {
			isa = PBXGroup;
			children = (
				F9510BFA1DE0F586008A46DE /* Gender.swift */,
				F91C82571DE34E2F00A8595D /* GenderFilterMode.swift */,
				F91C82551DE34E1200A8595D /* SortOrderMode.swift */,
				F91C823C1DE207A900A8595D /* ProfileViewMode.swift */,
			);
			name = Enums;
			sourceTree = "<group>";
		};
/* End PBXGroup section */

/* Begin PBXNativeTarget section */
		31F68E2A1DD0D68700FEBEAD /* ProfilesApp */ = {
			isa = PBXNativeTarget;
			buildConfigurationList = 31F68E531DD0D68800FEBEAD /* Build configuration list for PBXNativeTarget "ProfilesApp" */;
			buildPhases = (
				50C4283599B4B868DC409FEF /* [CP] Check Pods Manifest.lock */,
				31F68E271DD0D68700FEBEAD /* Sources */,
				31F68E281DD0D68700FEBEAD /* Frameworks */,
				31F68E291DD0D68700FEBEAD /* Resources */,
				80E05F7356D3DBB2471120C8 /* [CP] Embed Pods Frameworks */,
				F28A26A27466DF7C39FF9B39 /* [CP] Copy Pods Resources */,
			);
			buildRules = (
			);
			dependencies = (
			);
			name = ProfilesApp;
			productName = ProfilesApp;
			productReference = 31F68E2B1DD0D68700FEBEAD /* ProfilesApp.app */;
			productType = "com.apple.product-type.application";
		};
		31F68E3E1DD0D68800FEBEAD /* ProfilesAppTests */ = {
			isa = PBXNativeTarget;
			buildConfigurationList = 31F68E561DD0D68800FEBEAD /* Build configuration list for PBXNativeTarget "ProfilesAppTests" */;
			buildPhases = (
				50C19CC2D00AFC201CCEF083 /* [CP] Check Pods Manifest.lock */,
				31F68E3B1DD0D68800FEBEAD /* Sources */,
				31F68E3C1DD0D68800FEBEAD /* Frameworks */,
				31F68E3D1DD0D68800FEBEAD /* Resources */,
				680ADB58ED8302C2317E8AD0 /* [CP] Embed Pods Frameworks */,
				FB2C5763F474B92B800EC5E3 /* [CP] Copy Pods Resources */,
			);
			buildRules = (
			);
			dependencies = (
				31F68E411DD0D68800FEBEAD /* PBXTargetDependency */,
			);
			name = ProfilesAppTests;
			productName = ProfilesAppTests;
			productReference = 31F68E3F1DD0D68800FEBEAD /* ProfilesAppTests.xctest */;
			productType = "com.apple.product-type.bundle.unit-test";
		};
		31F68E491DD0D68800FEBEAD /* ProfilesAppUITests */ = {
			isa = PBXNativeTarget;
			buildConfigurationList = 31F68E591DD0D68800FEBEAD /* Build configuration list for PBXNativeTarget "ProfilesAppUITests" */;
			buildPhases = (
				BC8C95E6694BF3194F467CEB /* [CP] Check Pods Manifest.lock */,
				31F68E461DD0D68800FEBEAD /* Sources */,
				31F68E471DD0D68800FEBEAD /* Frameworks */,
				31F68E481DD0D68800FEBEAD /* Resources */,
				CDC8D20389699DD0744DA16D /* [CP] Copy Pods Resources */,
				E72E4ACBA401F8CB2C7AB3AC /* [CP] Embed Pods Frameworks */,
			);
			buildRules = (
			);
			dependencies = (
				31F68E4C1DD0D68800FEBEAD /* PBXTargetDependency */,
			);
			name = ProfilesAppUITests;
			productName = ProfilesAppUITests;
			productReference = 31F68E4A1DD0D68800FEBEAD /* ProfilesAppUITests.xctest */;
			productType = "com.apple.product-type.bundle.ui-testing";
		};
/* End PBXNativeTarget section */

/* Begin PBXProject section */
		31F68E231DD0D68700FEBEAD /* Project object */ = {
			isa = PBXProject;
			attributes = {
				LastSwiftUpdateCheck = 0800;
				LastUpgradeCheck = 0810;
				ORGANIZATIONNAME = "Dagna Bieda";
				TargetAttributes = {
					31F68E2A1DD0D68700FEBEAD = {
						CreatedOnToolsVersion = 8.0;
						DevelopmentTeam = KCKFG2EWSJ;
						ProvisioningStyle = Automatic;
					};
					31F68E3E1DD0D68800FEBEAD = {
						CreatedOnToolsVersion = 8.0;
						DevelopmentTeam = KCKFG2EWSJ;
						ProvisioningStyle = Automatic;
						TestTargetID = 31F68E2A1DD0D68700FEBEAD;
					};
					31F68E491DD0D68800FEBEAD = {
						CreatedOnToolsVersion = 8.0;
						DevelopmentTeam = KCKFG2EWSJ;
						ProvisioningStyle = Automatic;
						TestTargetID = 31F68E2A1DD0D68700FEBEAD;
					};
				};
			};
			buildConfigurationList = 31F68E261DD0D68700FEBEAD /* Build configuration list for PBXProject "ProfilesApp" */;
			compatibilityVersion = "Xcode 3.2";
			developmentRegion = English;
			hasScannedForEncodings = 0;
			knownRegions = (
				en,
				Base,
			);
			mainGroup = 31F68E221DD0D68700FEBEAD;
			productRefGroup = 31F68E2C1DD0D68700FEBEAD /* Products */;
			projectDirPath = "";
			projectRoot = "";
			targets = (
				31F68E2A1DD0D68700FEBEAD /* ProfilesApp */,
				31F68E3E1DD0D68800FEBEAD /* ProfilesAppTests */,
				31F68E491DD0D68800FEBEAD /* ProfilesAppUITests */,
			);
		};
/* End PBXProject section */

/* Begin PBXResourcesBuildPhase section */
		31F68E291DD0D68700FEBEAD /* Resources */ = {
			isa = PBXResourcesBuildPhase;
			buildActionMask = 2147483647;
			files = (
				F91C82691DE3CFA100A8595D /* PoetsenOne-Regular.otf in Resources */,
				F91C826A1DE3CFA100A8595D /* SF_Cartoonist_Hand_Bold.ttf in Resources */,
				F91C826B1DE3CFA100A8595D /* SF_Cartoonist_Hand.ttf in Resources */,
				31F68E391DD0D68700FEBEAD /* LaunchScreen.storyboard in Resources */,
				31F68E5D1DD0D80F00FEBEAD /* GoogleService-Info.plist in Resources */,
				31F68E361DD0D68700FEBEAD /* Assets.xcassets in Resources */,
				F91C82681DE3CFA100A8595D /* PermanentMarker.ttf in Resources */,
				31F68E341DD0D68700FEBEAD /* Main.storyboard in Resources */,
			);
			runOnlyForDeploymentPostprocessing = 0;
		};
		31F68E3D1DD0D68800FEBEAD /* Resources */ = {
			isa = PBXResourcesBuildPhase;
			buildActionMask = 2147483647;
			files = (
			);
			runOnlyForDeploymentPostprocessing = 0;
		};
		31F68E481DD0D68800FEBEAD /* Resources */ = {
			isa = PBXResourcesBuildPhase;
			buildActionMask = 2147483647;
			files = (
			);
			runOnlyForDeploymentPostprocessing = 0;
		};
/* End PBXResourcesBuildPhase section */

/* Begin PBXShellScriptBuildPhase section */
		50C19CC2D00AFC201CCEF083 /* [CP] Check Pods Manifest.lock */ = {
			isa = PBXShellScriptBuildPhase;
			buildActionMask = 2147483647;
			files = (
			);
			inputPaths = (
			);
			name = "[CP] Check Pods Manifest.lock";
			outputPaths = (
			);
			runOnlyForDeploymentPostprocessing = 0;
			shellPath = /bin/sh;
			shellScript = "diff \"${PODS_ROOT}/../Podfile.lock\" \"${PODS_ROOT}/Manifest.lock\" > /dev/null\nif [ $? != 0 ] ; then\n    # print error to STDERR\n    echo \"error: The sandbox is not in sync with the Podfile.lock. Run 'pod install' or update your CocoaPods installation.\" >&2\n    exit 1\nfi\n";
			showEnvVarsInLog = 0;
		};
		50C4283599B4B868DC409FEF /* [CP] Check Pods Manifest.lock */ = {
			isa = PBXShellScriptBuildPhase;
			buildActionMask = 2147483647;
			files = (
			);
			inputPaths = (
			);
			name = "[CP] Check Pods Manifest.lock";
			outputPaths = (
			);
			runOnlyForDeploymentPostprocessing = 0;
			shellPath = /bin/sh;
			shellScript = "diff \"${PODS_ROOT}/../Podfile.lock\" \"${PODS_ROOT}/Manifest.lock\" > /dev/null\nif [ $? != 0 ] ; then\n    # print error to STDERR\n    echo \"error: The sandbox is not in sync with the Podfile.lock. Run 'pod install' or update your CocoaPods installation.\" >&2\n    exit 1\nfi\n";
			showEnvVarsInLog = 0;
		};
		680ADB58ED8302C2317E8AD0 /* [CP] Embed Pods Frameworks */ = {
			isa = PBXShellScriptBuildPhase;
			buildActionMask = 2147483647;
			files = (
			);
			inputPaths = (
			);
			name = "[CP] Embed Pods Frameworks";
			outputPaths = (
			);
			runOnlyForDeploymentPostprocessing = 0;
			shellPath = /bin/sh;
			shellScript = "\"${SRCROOT}/Pods/Target Support Files/Pods-ProfilesAppTests/Pods-ProfilesAppTests-frameworks.sh\"\n";
			showEnvVarsInLog = 0;
		};
		80E05F7356D3DBB2471120C8 /* [CP] Embed Pods Frameworks */ = {
			isa = PBXShellScriptBuildPhase;
			buildActionMask = 2147483647;
			files = (
			);
			inputPaths = (
			);
			name = "[CP] Embed Pods Frameworks";
			outputPaths = (
			);
			runOnlyForDeploymentPostprocessing = 0;
			shellPath = /bin/sh;
			shellScript = "\"${SRCROOT}/Pods/Target Support Files/Pods-ProfilesApp/Pods-ProfilesApp-frameworks.sh\"\n";
			showEnvVarsInLog = 0;
		};
		BC8C95E6694BF3194F467CEB /* [CP] Check Pods Manifest.lock */ = {
			isa = PBXShellScriptBuildPhase;
			buildActionMask = 2147483647;
			files = (
			);
			inputPaths = (
			);
			name = "[CP] Check Pods Manifest.lock";
			outputPaths = (
			);
			runOnlyForDeploymentPostprocessing = 0;
			shellPath = /bin/sh;
			shellScript = "diff \"${PODS_ROOT}/../Podfile.lock\" \"${PODS_ROOT}/Manifest.lock\" > /dev/null\nif [ $? != 0 ] ; then\n    # print error to STDERR\n    echo \"error: The sandbox is not in sync with the Podfile.lock. Run 'pod install' or update your CocoaPods installation.\" >&2\n    exit 1\nfi\n";
			showEnvVarsInLog = 0;
		};
		CDC8D20389699DD0744DA16D /* [CP] Copy Pods Resources */ = {
			isa = PBXShellScriptBuildPhase;
			buildActionMask = 2147483647;
			files = (
			);
			inputPaths = (
			);
			name = "[CP] Copy Pods Resources";
			outputPaths = (
			);
			runOnlyForDeploymentPostprocessing = 0;
			shellPath = /bin/sh;
			shellScript = "\"${SRCROOT}/Pods/Target Support Files/Pods-ProfilesAppUITests/Pods-ProfilesAppUITests-resources.sh\"\n";
			showEnvVarsInLog = 0;
		};
		E72E4ACBA401F8CB2C7AB3AC /* [CP] Embed Pods Frameworks */ = {
			isa = PBXShellScriptBuildPhase;
			buildActionMask = 2147483647;
			files = (
			);
			inputPaths = (
			);
			name = "[CP] Embed Pods Frameworks";
			outputPaths = (
			);
			runOnlyForDeploymentPostprocessing = 0;
			shellPath = /bin/sh;
			shellScript = "\"${SRCROOT}/Pods/Target Support Files/Pods-ProfilesAppUITests/Pods-ProfilesAppUITests-frameworks.sh\"\n";
			showEnvVarsInLog = 0;
		};
		F28A26A27466DF7C39FF9B39 /* [CP] Copy Pods Resources */ = {
			isa = PBXShellScriptBuildPhase;
			buildActionMask = 2147483647;
			files = (
			);
			inputPaths = (
			);
			name = "[CP] Copy Pods Resources";
			outputPaths = (
			);
			runOnlyForDeploymentPostprocessing = 0;
			shellPath = /bin/sh;
			shellScript = "\"${SRCROOT}/Pods/Target Support Files/Pods-ProfilesApp/Pods-ProfilesApp-resources.sh\"\n";
			showEnvVarsInLog = 0;
		};
		FB2C5763F474B92B800EC5E3 /* [CP] Copy Pods Resources */ = {
			isa = PBXShellScriptBuildPhase;
			buildActionMask = 2147483647;
			files = (
			);
			inputPaths = (
			);
			name = "[CP] Copy Pods Resources";
			outputPaths = (
			);
			runOnlyForDeploymentPostprocessing = 0;
			shellPath = /bin/sh;
			shellScript = "\"${SRCROOT}/Pods/Target Support Files/Pods-ProfilesAppTests/Pods-ProfilesAppTests-resources.sh\"\n";
			showEnvVarsInLog = 0;
		};
/* End PBXShellScriptBuildPhase section */

/* Begin PBXSourcesBuildPhase section */
		31F68E271DD0D68700FEBEAD /* Sources */ = {
			isa = PBXSourcesBuildPhase;
			buildActionMask = 2147483647;
			files = (
				F91C82511DE295B800A8595D /* ColorPickerDelegate.swift in Sources */,
				F9510BFB1DE0F586008A46DE /* Gender.swift in Sources */,
				F91C823D1DE207A900A8595D /* ProfileViewMode.swift in Sources */,
				F91C82461DE227C800A8595D /* CustomTransition.swift in Sources */,
				31F68E671DD1394700FEBEAD /* Extensions.swift in Sources */,
				F91C82581DE34E2F00A8595D /* GenderFilterMode.swift in Sources */,
				31F68E611DD119FD00FEBEAD /* ListViewController.swift in Sources */,
				F9C90DCE1DDE270100CFE074 /* ProfileViewController.swift in Sources */,
				F91C82561DE34E1200A8595D /* SortOrderMode.swift in Sources */,
				F91C825C1DE36E9600A8595D /* SAFSettings.swift in Sources */,
				F91C82601DE3C94600A8595D /* UISettings.swift in Sources */,
				F91C824D1DE2895100A8595D /* ColorPickerController.swift in Sources */,
				F91C824B1DE2723200A8595D /* ImagePickerController.swift in Sources */,
				F91C823B1DE2002900A8595D /* ProfileCell.swift in Sources */,
				F91C826D1DE48BE000A8595D /* MenuViewController.swift in Sources */,
				31F68E641DD12B2600FEBEAD /* Profile.swift in Sources */,
				F91C82451DE227C800A8595D /* CustomPresentationController.swift in Sources */,
				F91C824F1DE2954100A8595D /* PaletteView.swift in Sources */,
				31F68E2F1DD0D68700FEBEAD /* AppDelegate.swift in Sources */,
			);
			runOnlyForDeploymentPostprocessing = 0;
		};
		31F68E3B1DD0D68800FEBEAD /* Sources */ = {
			isa = PBXSourcesBuildPhase;
			buildActionMask = 2147483647;
			files = (
				F91C82351DE12DC800A8595D /* GenderTests.swift in Sources */,
				F91C82701DE520F300A8595D /* SAFSettingsTests.swift in Sources */,
				F91C82331DE11FC000A8595D /* ProfileTests.swift in Sources */,
			);
			runOnlyForDeploymentPostprocessing = 0;
		};
		31F68E461DD0D68800FEBEAD /* Sources */ = {
			isa = PBXSourcesBuildPhase;
			buildActionMask = 2147483647;
			files = (
				F91C82311DE11F4500A8595D /* ProfileViewControllerUITests.swift in Sources */,
				F91C82721DE5274C00A8595D /* MenuViewControllerUITests.swift in Sources */,
				F91C82741DE5319900A8595D /* ListViewControllerUITests.swift in Sources */,
			);
			runOnlyForDeploymentPostprocessing = 0;
		};
/* End PBXSourcesBuildPhase section */

/* Begin PBXTargetDependency section */
		31F68E411DD0D68800FEBEAD /* PBXTargetDependency */ = {
			isa = PBXTargetDependency;
			target = 31F68E2A1DD0D68700FEBEAD /* ProfilesApp */;
			targetProxy = 31F68E401DD0D68800FEBEAD /* PBXContainerItemProxy */;
		};
		31F68E4C1DD0D68800FEBEAD /* PBXTargetDependency */ = {
			isa = PBXTargetDependency;
			target = 31F68E2A1DD0D68700FEBEAD /* ProfilesApp */;
			targetProxy = 31F68E4B1DD0D68800FEBEAD /* PBXContainerItemProxy */;
		};
/* End PBXTargetDependency section */

/* Begin PBXVariantGroup section */
		31F68E321DD0D68700FEBEAD /* Main.storyboard */ = {
			isa = PBXVariantGroup;
			children = (
				31F68E331DD0D68700FEBEAD /* Base */,
			);
			name = Main.storyboard;
			sourceTree = "<group>";
		};
		31F68E371DD0D68700FEBEAD /* LaunchScreen.storyboard */ = {
			isa = PBXVariantGroup;
			children = (
				31F68E381DD0D68700FEBEAD /* Base */,
			);
			name = LaunchScreen.storyboard;
			sourceTree = "<group>";
		};
/* End PBXVariantGroup section */

/* Begin XCBuildConfiguration section */
		31F68E511DD0D68800FEBEAD /* Debug */ = {
			isa = XCBuildConfiguration;
			buildSettings = {
				ALWAYS_SEARCH_USER_PATHS = NO;
				CLANG_ANALYZER_NONNULL = YES;
				CLANG_CXX_LANGUAGE_STANDARD = "gnu++0x";
				CLANG_CXX_LIBRARY = "libc++";
				CLANG_ENABLE_MODULES = YES;
				CLANG_ENABLE_OBJC_ARC = YES;
				CLANG_WARN_BOOL_CONVERSION = YES;
				CLANG_WARN_CONSTANT_CONVERSION = YES;
				CLANG_WARN_DIRECT_OBJC_ISA_USAGE = YES_ERROR;
				CLANG_WARN_DOCUMENTATION_COMMENTS = YES;
				CLANG_WARN_EMPTY_BODY = YES;
				CLANG_WARN_ENUM_CONVERSION = YES;
				CLANG_WARN_INFINITE_RECURSION = YES;
				CLANG_WARN_INT_CONVERSION = YES;
				CLANG_WARN_OBJC_ROOT_CLASS = YES_ERROR;
				CLANG_WARN_SUSPICIOUS_MOVE = YES;
				CLANG_WARN_SUSPICIOUS_MOVES = YES;
				CLANG_WARN_UNREACHABLE_CODE = YES;
				CLANG_WARN__DUPLICATE_METHOD_MATCH = YES;
				"CODE_SIGN_IDENTITY[sdk=iphoneos*]" = "iPhone Developer";
				COPY_PHASE_STRIP = NO;
				DEBUG_INFORMATION_FORMAT = dwarf;
				ENABLE_STRICT_OBJC_MSGSEND = YES;
				ENABLE_TESTABILITY = YES;
				GCC_C_LANGUAGE_STANDARD = gnu99;
				GCC_DYNAMIC_NO_PIC = NO;
				GCC_NO_COMMON_BLOCKS = YES;
				GCC_OPTIMIZATION_LEVEL = 0;
				GCC_PREPROCESSOR_DEFINITIONS = (
					"DEBUG=1",
					"$(inherited)",
				);
				GCC_WARN_64_TO_32_BIT_CONVERSION = YES;
				GCC_WARN_ABOUT_RETURN_TYPE = YES_ERROR;
				GCC_WARN_UNDECLARED_SELECTOR = YES;
				GCC_WARN_UNINITIALIZED_AUTOS = YES_AGGRESSIVE;
				GCC_WARN_UNUSED_FUNCTION = YES;
				GCC_WARN_UNUSED_VARIABLE = YES;
				HEADER_SEARCH_PATHS = "$(SRCROOT)/Pods/**";
				IPHONEOS_DEPLOYMENT_TARGET = 10.0;
				MTL_ENABLE_DEBUG_INFO = YES;
				ONLY_ACTIVE_ARCH = YES;
				SDKROOT = iphoneos;
				SWIFT_ACTIVE_COMPILATION_CONDITIONS = DEBUG;
				SWIFT_OPTIMIZATION_LEVEL = "-Onone";
				TARGETED_DEVICE_FAMILY = "1,2";
			};
			name = Debug;
		};
		31F68E521DD0D68800FEBEAD /* Release */ = {
			isa = XCBuildConfiguration;
			buildSettings = {
				ALWAYS_SEARCH_USER_PATHS = NO;
				CLANG_ANALYZER_NONNULL = YES;
				CLANG_CXX_LANGUAGE_STANDARD = "gnu++0x";
				CLANG_CXX_LIBRARY = "libc++";
				CLANG_ENABLE_MODULES = YES;
				CLANG_ENABLE_OBJC_ARC = YES;
				CLANG_WARN_BOOL_CONVERSION = YES;
				CLANG_WARN_CONSTANT_CONVERSION = YES;
				CLANG_WARN_DIRECT_OBJC_ISA_USAGE = YES_ERROR;
				CLANG_WARN_DOCUMENTATION_COMMENTS = YES;
				CLANG_WARN_EMPTY_BODY = YES;
				CLANG_WARN_ENUM_CONVERSION = YES;
				CLANG_WARN_INFINITE_RECURSION = YES;
				CLANG_WARN_INT_CONVERSION = YES;
				CLANG_WARN_OBJC_ROOT_CLASS = YES_ERROR;
				CLANG_WARN_SUSPICIOUS_MOVE = YES;
				CLANG_WARN_SUSPICIOUS_MOVES = YES;
				CLANG_WARN_UNREACHABLE_CODE = YES;
				CLANG_WARN__DUPLICATE_METHOD_MATCH = YES;
				"CODE_SIGN_IDENTITY[sdk=iphoneos*]" = "iPhone Developer";
				COPY_PHASE_STRIP = NO;
				DEBUG_INFORMATION_FORMAT = "dwarf-with-dsym";
				ENABLE_NS_ASSERTIONS = NO;
				ENABLE_STRICT_OBJC_MSGSEND = YES;
				GCC_C_LANGUAGE_STANDARD = gnu99;
				GCC_NO_COMMON_BLOCKS = YES;
				GCC_WARN_64_TO_32_BIT_CONVERSION = YES;
				GCC_WARN_ABOUT_RETURN_TYPE = YES_ERROR;
				GCC_WARN_UNDECLARED_SELECTOR = YES;
				GCC_WARN_UNINITIALIZED_AUTOS = YES_AGGRESSIVE;
				GCC_WARN_UNUSED_FUNCTION = YES;
				GCC_WARN_UNUSED_VARIABLE = YES;
				HEADER_SEARCH_PATHS = "$(SRCROOT)/Pods/**";
				IPHONEOS_DEPLOYMENT_TARGET = 10.0;
				MTL_ENABLE_DEBUG_INFO = NO;
				SDKROOT = iphoneos;
				SWIFT_OPTIMIZATION_LEVEL = "-Owholemodule";
				TARGETED_DEVICE_FAMILY = "1,2";
				VALIDATE_PRODUCT = YES;
			};
			name = Release;
		};
		31F68E541DD0D68800FEBEAD /* Debug */ = {
			isa = XCBuildConfiguration;
			baseConfigurationReference = 59C0720CB9AE131339D83CD3 /* Pods-ProfilesApp.debug.xcconfig */;
			buildSettings = {
				ASSETCATALOG_COMPILER_APPICON_NAME = AppIcon;
				DEVELOPMENT_TEAM = KCKFG2EWSJ;
				INFOPLIST_FILE = ProfilesApp/Info.plist;
				LD_RUNPATH_SEARCH_PATHS = "$(inherited) @executable_path/Frameworks";
				PRODUCT_BUNDLE_IDENTIFIER = com.bieda.dagna.ProfilesApp;
				PRODUCT_NAME = "$(TARGET_NAME)";
				SWIFT_VERSION = 3.0;
			};
			name = Debug;
		};
		31F68E551DD0D68800FEBEAD /* Release */ = {
			isa = XCBuildConfiguration;
			baseConfigurationReference = D3ABBCECD74B3124712C99D6 /* Pods-ProfilesApp.release.xcconfig */;
			buildSettings = {
				ASSETCATALOG_COMPILER_APPICON_NAME = AppIcon;
				DEVELOPMENT_TEAM = KCKFG2EWSJ;
				INFOPLIST_FILE = ProfilesApp/Info.plist;
				LD_RUNPATH_SEARCH_PATHS = "$(inherited) @executable_path/Frameworks";
				PRODUCT_BUNDLE_IDENTIFIER = com.bieda.dagna.ProfilesApp;
				PRODUCT_NAME = "$(TARGET_NAME)";
				SWIFT_VERSION = 3.0;
			};
			name = Release;
		};
		31F68E571DD0D68800FEBEAD /* Debug */ = {
			isa = XCBuildConfiguration;
			baseConfigurationReference = 2C52D79C44053E24871A9FAF /* Pods-ProfilesAppTests.debug.xcconfig */;
			buildSettings = {
				ALWAYS_EMBED_SWIFT_STANDARD_LIBRARIES = YES;
				BUNDLE_LOADER = "$(TEST_HOST)";
				DEVELOPMENT_TEAM = KCKFG2EWSJ;
				INFOPLIST_FILE = ProfilesAppTests/Info.plist;
				LD_RUNPATH_SEARCH_PATHS = "$(inherited) @executable_path/Frameworks @loader_path/Frameworks";
				PRODUCT_BUNDLE_IDENTIFIER = com.bieda.dagna.ProfilesAppTests;
				PRODUCT_NAME = "$(TARGET_NAME)";
				SWIFT_VERSION = 3.0;
				TEST_HOST = "$(BUILT_PRODUCTS_DIR)/ProfilesApp.app/ProfilesApp";
			};
			name = Debug;
		};
		31F68E581DD0D68800FEBEAD /* Release */ = {
			isa = XCBuildConfiguration;
			baseConfigurationReference = 0700B485256CEF5EA6772583 /* Pods-ProfilesAppTests.release.xcconfig */;
			buildSettings = {
				ALWAYS_EMBED_SWIFT_STANDARD_LIBRARIES = YES;
				BUNDLE_LOADER = "$(TEST_HOST)";
				DEVELOPMENT_TEAM = KCKFG2EWSJ;
				INFOPLIST_FILE = ProfilesAppTests/Info.plist;
				LD_RUNPATH_SEARCH_PATHS = "$(inherited) @executable_path/Frameworks @loader_path/Frameworks";
				PRODUCT_BUNDLE_IDENTIFIER = com.bieda.dagna.ProfilesAppTests;
				PRODUCT_NAME = "$(TARGET_NAME)";
				SWIFT_VERSION = 3.0;
				TEST_HOST = "$(BUILT_PRODUCTS_DIR)/ProfilesApp.app/ProfilesApp";
			};
			name = Release;
		};
		31F68E5A1DD0D68800FEBEAD /* Debug */ = {
			isa = XCBuildConfiguration;
			baseConfigurationReference = 67FAD9EEDA0E3A69A5DBB84D /* Pods-ProfilesAppUITests.debug.xcconfig */;
			buildSettings = {
				ALWAYS_EMBED_SWIFT_STANDARD_LIBRARIES = YES;
				DEVELOPMENT_TEAM = KCKFG2EWSJ;
				INFOPLIST_FILE = ProfilesAppUITests/Info.plist;
				LD_RUNPATH_SEARCH_PATHS = "$(inherited) @executable_path/Frameworks @loader_path/Frameworks";
				PRODUCT_BUNDLE_IDENTIFIER = com.bieda.dagna.ProfilesAppUITests;
				PRODUCT_NAME = "$(TARGET_NAME)";
				SWIFT_VERSION = 3.0;
				TEST_TARGET_NAME = ProfilesApp;
			};
			name = Debug;
		};
		31F68E5B1DD0D68800FEBEAD /* Release */ = {
			isa = XCBuildConfiguration;
			baseConfigurationReference = D56ED8B1E4115F54D663E237 /* Pods-ProfilesAppUITests.release.xcconfig */;
			buildSettings = {
				ALWAYS_EMBED_SWIFT_STANDARD_LIBRARIES = YES;
				DEVELOPMENT_TEAM = KCKFG2EWSJ;
				INFOPLIST_FILE = ProfilesAppUITests/Info.plist;
				LD_RUNPATH_SEARCH_PATHS = "$(inherited) @executable_path/Frameworks @loader_path/Frameworks";
				PRODUCT_BUNDLE_IDENTIFIER = com.bieda.dagna.ProfilesAppUITests;
				PRODUCT_NAME = "$(TARGET_NAME)";
				SWIFT_VERSION = 3.0;
				TEST_TARGET_NAME = ProfilesApp;
			};
			name = Release;
		};
/* End XCBuildConfiguration section */

/* Begin XCConfigurationList section */
		31F68E261DD0D68700FEBEAD /* Build configuration list for PBXProject "ProfilesApp" */ = {
			isa = XCConfigurationList;
			buildConfigurations = (
				31F68E511DD0D68800FEBEAD /* Debug */,
				31F68E521DD0D68800FEBEAD /* Release */,
			);
			defaultConfigurationIsVisible = 0;
			defaultConfigurationName = Release;
		};
		31F68E531DD0D68800FEBEAD /* Build configuration list for PBXNativeTarget "ProfilesApp" */ = {
			isa = XCConfigurationList;
			buildConfigurations = (
				31F68E541DD0D68800FEBEAD /* Debug */,
				31F68E551DD0D68800FEBEAD /* Release */,
			);
			defaultConfigurationIsVisible = 0;
			defaultConfigurationName = Release;
		};
		31F68E561DD0D68800FEBEAD /* Build configuration list for PBXNativeTarget "ProfilesAppTests" */ = {
			isa = XCConfigurationList;
			buildConfigurations = (
				31F68E571DD0D68800FEBEAD /* Debug */,
				31F68E581DD0D68800FEBEAD /* Release */,
			);
			defaultConfigurationIsVisible = 0;
			defaultConfigurationName = Release;
		};
		31F68E591DD0D68800FEBEAD /* Build configuration list for PBXNativeTarget "ProfilesAppUITests" */ = {
			isa = XCConfigurationList;
			buildConfigurations = (
				31F68E5A1DD0D68800FEBEAD /* Debug */,
				31F68E5B1DD0D68800FEBEAD /* Release */,
			);
			defaultConfigurationIsVisible = 0;
			defaultConfigurationName = Release;
		};
/* End XCConfigurationList section */
	};
	rootObject = 31F68E231DD0D68700FEBEAD /* Project object */;
}
